// !$*UTF8*$!
{
	archiveVersion = 1;
	classes = {
	};
	objectVersion = 48;
	objects = {

/* Begin PBXBuildFile section */
		20F01E80202EE5AB00AE05D6 /* punycode.swift in Sources */ = {isa = PBXBuildFile; fileRef = 20F01E7F202EE5AB00AE05D6 /* punycode.swift */; };
		20F01E88202EE9C700AE05D6 /* punycode_tests.swift in Sources */ = {isa = PBXBuildFile; fileRef = 20F01E87202EE9C700AE05D6 /* punycode_tests.swift */; };
		20F01E8A202EE9C700AE05D6 /* libpunycode.a in Frameworks */ = {isa = PBXBuildFile; fileRef = 20F01E73202EE56700AE05D6 /* libpunycode.a */; };
/* End PBXBuildFile section */

/* Begin PBXContainerItemProxy section */
		20F01E8B202EE9C700AE05D6 /* PBXContainerItemProxy */ = {
			isa = PBXContainerItemProxy;
			containerPortal = 20F01E6B202EE56700AE05D6 /* Project object */;
			proxyType = 1;
			remoteGlobalIDString = 20F01E72202EE56700AE05D6;
			remoteInfo = punycode;
		};
/* End PBXContainerItemProxy section */

/* Begin PBXCopyFilesBuildPhase section */
		20F01E71202EE56700AE05D6 /* CopyFiles */ = {
			isa = PBXCopyFilesBuildPhase;
			buildActionMask = 2147483647;
			dstPath = "include/$(PRODUCT_NAME)";
			dstSubfolderSpec = 16;
			files = (
			);
			runOnlyForDeploymentPostprocessing = 0;
		};
/* End PBXCopyFilesBuildPhase section */

/* Begin PBXFileReference section */
		20F01E73202EE56700AE05D6 /* libpunycode.a */ = {isa = PBXFileReference; explicitFileType = archive.ar; includeInIndex = 0; path = libpunycode.a; sourceTree = BUILT_PRODUCTS_DIR; };
		20F01E7F202EE5AB00AE05D6 /* punycode.swift */ = {isa = PBXFileReference; lastKnownFileType = sourcecode.swift; path = punycode.swift; sourceTree = "<group>"; };
		20F01E85202EE9C700AE05D6 /* punycode tests.xctest */ = {isa = PBXFileReference; explicitFileType = wrapper.cfbundle; includeInIndex = 0; path = "punycode tests.xctest"; sourceTree = BUILT_PRODUCTS_DIR; };
		20F01E87202EE9C700AE05D6 /* punycode_tests.swift */ = {isa = PBXFileReference; lastKnownFileType = sourcecode.swift; path = punycode_tests.swift; sourceTree = "<group>"; };
		20F01E89202EE9C700AE05D6 /* Info.plist */ = {isa = PBXFileReference; lastKnownFileType = text.plist.xml; path = Info.plist; sourceTree = "<group>"; };
/* End PBXFileReference section */

/* Begin PBXFrameworksBuildPhase section */
		20F01E70202EE56700AE05D6 /* Frameworks */ = {
			isa = PBXFrameworksBuildPhase;
			buildActionMask = 2147483647;
			files = (
			);
			runOnlyForDeploymentPostprocessing = 0;
		};
		20F01E82202EE9C700AE05D6 /* Frameworks */ = {
			isa = PBXFrameworksBuildPhase;
			buildActionMask = 2147483647;
			files = (
				20F01E8A202EE9C700AE05D6 /* libpunycode.a in Frameworks */,
			);
			runOnlyForDeploymentPostprocessing = 0;
		};
/* End PBXFrameworksBuildPhase section */

/* Begin PBXGroup section */
		20F01E6A202EE56700AE05D6 = {
			isa = PBXGroup;
			children = (
				20F01E75202EE56700AE05D6 /* punycode */,
				20F01E86202EE9C700AE05D6 /* punycode tests */,
				20F01E74202EE56700AE05D6 /* Products */,
			);
			sourceTree = "<group>";
		};
		20F01E74202EE56700AE05D6 /* Products */ = {
			isa = PBXGroup;
			children = (
				20F01E73202EE56700AE05D6 /* libpunycode.a */,
				20F01E85202EE9C700AE05D6 /* punycode tests.xctest */,
			);
			name = Products;
			sourceTree = "<group>";
		};
		20F01E75202EE56700AE05D6 /* punycode */ = {
			isa = PBXGroup;
			children = (
				20F01E7F202EE5AB00AE05D6 /* punycode.swift */,
			);
			path = punycode;
			sourceTree = "<group>";
		};
		20F01E86202EE9C700AE05D6 /* punycode tests */ = {
			isa = PBXGroup;
			children = (
				20F01E87202EE9C700AE05D6 /* punycode_tests.swift */,
				20F01E89202EE9C700AE05D6 /* Info.plist */,
			);
			path = "punycode tests";
			sourceTree = "<group>";
		};
/* End PBXGroup section */

/* Begin PBXNativeTarget section */
		20F01E72202EE56700AE05D6 /* punycode */ = {
			isa = PBXNativeTarget;
			buildConfigurationList = 20F01E7C202EE56700AE05D6 /* Build configuration list for PBXNativeTarget "punycode" */;
			buildPhases = (
				20F01E6F202EE56700AE05D6 /* Sources */,
				20F01E70202EE56700AE05D6 /* Frameworks */,
				20F01E71202EE56700AE05D6 /* CopyFiles */,
			);
			buildRules = (
			);
			dependencies = (
			);
			name = punycode;
			productName = punycode;
			productReference = 20F01E73202EE56700AE05D6 /* libpunycode.a */;
			productType = "com.apple.product-type.library.static";
		};
		20F01E84202EE9C700AE05D6 /* punycode tests */ = {
			isa = PBXNativeTarget;
			buildConfigurationList = 20F01E8D202EE9C700AE05D6 /* Build configuration list for PBXNativeTarget "punycode tests" */;
			buildPhases = (
				20F01E81202EE9C700AE05D6 /* Sources */,
				20F01E82202EE9C700AE05D6 /* Frameworks */,
				20F01E83202EE9C700AE05D6 /* Resources */,
			);
			buildRules = (
			);
			dependencies = (
				20F01E8C202EE9C700AE05D6 /* PBXTargetDependency */,
			);
			name = "punycode tests";
			productName = "punycode tests";
			productReference = 20F01E85202EE9C700AE05D6 /* punycode tests.xctest */;
			productType = "com.apple.product-type.bundle.unit-test";
		};
/* End PBXNativeTarget section */

/* Begin PBXProject section */
		20F01E6B202EE56700AE05D6 /* Project object */ = {
			isa = PBXProject;
			attributes = {
				LastSwiftUpdateCheck = 0910;
				LastUpgradeCheck = 0910;
				ORGANIZATIONNAME = "Viktor Chernikov";
				TargetAttributes = {
					20F01E72202EE56700AE05D6 = {
						CreatedOnToolsVersion = 9.1;
						LastSwiftMigration = 0910;
						ProvisioningStyle = Automatic;
					};
					20F01E84202EE9C700AE05D6 = {
						CreatedOnToolsVersion = 9.1;
						ProvisioningStyle = Automatic;
					};
				};
			};
			buildConfigurationList = 20F01E6E202EE56700AE05D6 /* Build configuration list for PBXProject "punycode" */;
			compatibilityVersion = "Xcode 8.0";
			developmentRegion = en;
			hasScannedForEncodings = 0;
			knownRegions = (
				en,
			);
			mainGroup = 20F01E6A202EE56700AE05D6;
			productRefGroup = 20F01E74202EE56700AE05D6 /* Products */;
			projectDirPath = "";
			projectRoot = "";
			targets = (
				20F01E72202EE56700AE05D6 /* punycode */,
				20F01E84202EE9C700AE05D6 /* punycode tests */,
			);
		};
/* End PBXProject section */

/* Begin PBXResourcesBuildPhase section */
		20F01E83202EE9C700AE05D6 /* Resources */ = {
			isa = PBXResourcesBuildPhase;
			buildActionMask = 2147483647;
			files = (
			);
			runOnlyForDeploymentPostprocessing = 0;
		};
/* End PBXResourcesBuildPhase section */

/* Begin PBXSourcesBuildPhase section */
		20F01E6F202EE56700AE05D6 /* Sources */ = {
			isa = PBXSourcesBuildPhase;
			buildActionMask = 2147483647;
			files = (
				20F01E80202EE5AB00AE05D6 /* punycode.swift in Sources */,
			);
			runOnlyForDeploymentPostprocessing = 0;
		};
		20F01E81202EE9C700AE05D6 /* Sources */ = {
			isa = PBXSourcesBuildPhase;
			buildActionMask = 2147483647;
			files = (
				20F01E88202EE9C700AE05D6 /* punycode_tests.swift in Sources */,
			);
			runOnlyForDeploymentPostprocessing = 0;
		};
/* End PBXSourcesBuildPhase section */

/* Begin PBXTargetDependency section */
		20F01E8C202EE9C700AE05D6 /* PBXTargetDependency */ = {
			isa = PBXTargetDependency;
			target = 20F01E72202EE56700AE05D6 /* punycode */;
			targetProxy = 20F01E8B202EE9C700AE05D6 /* PBXContainerItemProxy */;
		};
/* End PBXTargetDependency section */

/* Begin XCBuildConfiguration section */
		20F01E7A202EE56700AE05D6 /* Debug */ = {
			isa = XCBuildConfiguration;
			buildSettings = {
				ALWAYS_SEARCH_USER_PATHS = NO;
				CLANG_ANALYZER_NONNULL = YES;
				CLANG_ANALYZER_NUMBER_OBJECT_CONVERSION = YES_AGGRESSIVE;
				CLANG_CXX_LANGUAGE_STANDARD = "gnu++14";
				CLANG_CXX_LIBRARY = "libc++";
				CLANG_ENABLE_MODULES = YES;
				CLANG_ENABLE_OBJC_ARC = YES;
				CLANG_WARN_BLOCK_CAPTURE_AUTORELEASING = YES;
				CLANG_WARN_BOOL_CONVERSION = YES;
				CLANG_WARN_COMMA = YES;
				CLANG_WARN_CONSTANT_CONVERSION = YES;
				CLANG_WARN_DIRECT_OBJC_ISA_USAGE = YES_ERROR;
				CLANG_WARN_DOCUMENTATION_COMMENTS = YES;
				CLANG_WARN_EMPTY_BODY = YES;
				CLANG_WARN_ENUM_CONVERSION = YES;
				CLANG_WARN_INFINITE_RECURSION = YES;
				CLANG_WARN_INT_CONVERSION = YES;
				CLANG_WARN_NON_LITERAL_NULL_CONVERSION = YES;
				CLANG_WARN_OBJC_LITERAL_CONVERSION = YES;
				CLANG_WARN_OBJC_ROOT_CLASS = YES_ERROR;
				CLANG_WARN_RANGE_LOOP_ANALYSIS = YES;
				CLANG_WARN_STRICT_PROTOTYPES = YES;
				CLANG_WARN_SUSPICIOUS_MOVE = YES;
				CLANG_WARN_UNGUARDED_AVAILABILITY = YES_AGGRESSIVE;
				CLANG_WARN_UNREACHABLE_CODE = YES;
				CLANG_WARN__DUPLICATE_METHOD_MATCH = YES;
				CODE_SIGN_IDENTITY = "iPhone Developer";
				COPY_PHASE_STRIP = NO;
				DEBUG_INFORMATION_FORMAT = dwarf;
				ENABLE_STRICT_OBJC_MSGSEND = YES;
				ENABLE_TESTABILITY = YES;
				GCC_C_LANGUAGE_STANDARD = gnu11;
				GCC_DYNAMIC_NO_PIC = NO;
				GCC_NO_COMMON_BLOCKS = YES;
				GCC_OPTIMIZATION_LEVEL = 0;
				GCC_PREPROCESSOR_DEFINITIONS = (
					"DEBUG=1",
					"$(inherited)",
				);
				GCC_WARN_64_TO_32_BIT_CONVERSION = YES;
				GCC_WARN_ABOUT_RETURN_TYPE = YES_ERROR;
				GCC_WARN_UNDECLARED_SELECTOR = YES;
				GCC_WARN_UNINITIALIZED_AUTOS = YES_AGGRESSIVE;
				GCC_WARN_UNUSED_FUNCTION = YES;
				GCC_WARN_UNUSED_VARIABLE = YES;
				IPHONEOS_DEPLOYMENT_TARGET = 9.0;
				MTL_ENABLE_DEBUG_INFO = YES;
				ONLY_ACTIVE_ARCH = YES;
				SDKROOT = iphoneos;
			};
			name = Debug;
		};
		20F01E7B202EE56700AE05D6 /* Release */ = {
			isa = XCBuildConfiguration;
			buildSettings = {
				ALWAYS_SEARCH_USER_PATHS = NO;
				CLANG_ANALYZER_NONNULL = YES;
				CLANG_ANALYZER_NUMBER_OBJECT_CONVERSION = YES_AGGRESSIVE;
				CLANG_CXX_LANGUAGE_STANDARD = "gnu++14";
				CLANG_CXX_LIBRARY = "libc++";
				CLANG_ENABLE_MODULES = YES;
				CLANG_ENABLE_OBJC_ARC = YES;
				CLANG_WARN_BLOCK_CAPTURE_AUTORELEASING = YES;
				CLANG_WARN_BOOL_CONVERSION = YES;
				CLANG_WARN_COMMA = YES;
				CLANG_WARN_CONSTANT_CONVERSION = YES;
				CLANG_WARN_DIRECT_OBJC_ISA_USAGE = YES_ERROR;
				CLANG_WARN_DOCUMENTATION_COMMENTS = YES;
				CLANG_WARN_EMPTY_BODY = YES;
				CLANG_WARN_ENUM_CONVERSION = YES;
				CLANG_WARN_INFINITE_RECURSION = YES;
				CLANG_WARN_INT_CONVERSION = YES;
				CLANG_WARN_NON_LITERAL_NULL_CONVERSION = YES;
				CLANG_WARN_OBJC_LITERAL_CONVERSION = YES;
				CLANG_WARN_OBJC_ROOT_CLASS = YES_ERROR;
				CLANG_WARN_RANGE_LOOP_ANALYSIS = YES;
				CLANG_WARN_STRICT_PROTOTYPES = YES;
				CLANG_WARN_SUSPICIOUS_MOVE = YES;
				CLANG_WARN_UNGUARDED_AVAILABILITY = YES_AGGRESSIVE;
				CLANG_WARN_UNREACHABLE_CODE = YES;
				CLANG_WARN__DUPLICATE_METHOD_MATCH = YES;
				CODE_SIGN_IDENTITY = "iPhone Developer";
				COPY_PHASE_STRIP = NO;
				DEBUG_INFORMATION_FORMAT = "dwarf-with-dsym";
				ENABLE_NS_ASSERTIONS = NO;
				ENABLE_STRICT_OBJC_MSGSEND = YES;
				GCC_C_LANGUAGE_STANDARD = gnu11;
				GCC_NO_COMMON_BLOCKS = YES;
				GCC_WARN_64_TO_32_BIT_CONVERSION = YES;
				GCC_WARN_ABOUT_RETURN_TYPE = YES_ERROR;
				GCC_WARN_UNDECLARED_SELECTOR = YES;
				GCC_WARN_UNINITIALIZED_AUTOS = YES_AGGRESSIVE;
				GCC_WARN_UNUSED_FUNCTION = YES;
				GCC_WARN_UNUSED_VARIABLE = YES;
				IPHONEOS_DEPLOYMENT_TARGET = 9.0;
				MTL_ENABLE_DEBUG_INFO = NO;
				SDKROOT = iphoneos;
				VALIDATE_PRODUCT = YES;
			};
			name = Release;
		};
		20F01E7D202EE56700AE05D6 /* Debug */ = {
			isa = XCBuildConfiguration;
			buildSettings = {
				CLANG_ENABLE_MODULES = YES;
				CODE_SIGN_STYLE = Automatic;
				DEFINES_MODULE = YES;
				DEVELOPMENT_TEAM = CQ7U6LL9L3;
				IPHONEOS_DEPLOYMENT_TARGET = 9.0;
				LD_RUNPATH_SEARCH_PATHS = "$(inherited) @executable_path/Frameworks @loader_path/Frameworks";
				OTHER_LDFLAGS = "-ObjC";
				PRODUCT_NAME = "$(TARGET_NAME)";
				SKIP_INSTALL = YES;
				SWIFT_OPTIMIZATION_LEVEL = "-Onone";
				SWIFT_VERSION = 3.0;
				TARGETED_DEVICE_FAMILY = "1,2";
			};
			name = Debug;
		};
		20F01E7E202EE56700AE05D6 /* Release */ = {
			isa = XCBuildConfiguration;
			buildSettings = {
				CLANG_ENABLE_MODULES = YES;
				CODE_SIGN_STYLE = Automatic;
				DEFINES_MODULE = YES;
				DEVELOPMENT_TEAM = CQ7U6LL9L3;
				IPHONEOS_DEPLOYMENT_TARGET = 9.0;
				LD_RUNPATH_SEARCH_PATHS = "$(inherited) @executable_path/Frameworks @loader_path/Frameworks";
				OTHER_LDFLAGS = "-ObjC";
				PRODUCT_NAME = "$(TARGET_NAME)";
				SKIP_INSTALL = YES;
				SWIFT_VERSION = 3.0;
				TARGETED_DEVICE_FAMILY = "1,2";
			};
			name = Release;
		};
		20F01E8E202EE9C700AE05D6 /* Debug */ = {
			isa = XCBuildConfiguration;
			buildSettings = {
				CODE_SIGN_STYLE = Automatic;
				DEVELOPMENT_TEAM = CQ7U6LL9L3;
				INFOPLIST_FILE = "punycode tests/Info.plist";
				LD_RUNPATH_SEARCH_PATHS = "$(inherited) @executable_path/Frameworks @loader_path/Frameworks";
				PRODUCT_BUNDLE_IDENTIFIER = "com.viktorcode.punycode-tests";
				PRODUCT_NAME = "$(TARGET_NAME)";
				SWIFT_ACTIVE_COMPILATION_CONDITIONS = DEBUG;
				SWIFT_OPTIMIZATION_LEVEL = "-Onone";
				SWIFT_VERSION = 4.0;
				TARGETED_DEVICE_FAMILY = "1,2";
			};
			name = Debug;
		};
		20F01E8F202EE9C700AE05D6 /* Release */ = {
			isa = XCBuildConfiguration;
			buildSettings = {
				CODE_SIGN_STYLE = Automatic;
				DEVELOPMENT_TEAM = CQ7U6LL9L3;
				INFOPLIST_FILE = "punycode tests/Info.plist";
				LD_RUNPATH_SEARCH_PATHS = "$(inherited) @executable_path/Frameworks @loader_path/Frameworks";
				PRODUCT_BUNDLE_IDENTIFIER = "com.viktorcode.punycode-tests";
				PRODUCT_NAME = "$(TARGET_NAME)";
				SWIFT_OPTIMIZATION_LEVEL = "-Owholemodule";
				SWIFT_VERSION = 4.0;
				TARGETED_DEVICE_FAMILY = "1,2";
			};
			name = Release;
		};
/* End XCBuildConfiguration section */

/* Begin XCConfigurationList section */
		20F01E6E202EE56700AE05D6 /* Build configuration list for PBXProject "punycode" */ = {
			isa = XCConfigurationList;
			buildConfigurations = (
				20F01E7A202EE56700AE05D6 /* Debug */,
				20F01E7B202EE56700AE05D6 /* Release */,
			);
			defaultConfigurationIsVisible = 0;
			defaultConfigurationName = Release;
		};
		20F01E7C202EE56700AE05D6 /* Build configuration list for PBXNativeTarget "punycode" */ = {
			isa = XCConfigurationList;
			buildConfigurations = (
				20F01E7D202EE56700AE05D6 /* Debug */,
				20F01E7E202EE56700AE05D6 /* Release */,
			);
			defaultConfigurationIsVisible = 0;
			defaultConfigurationName = Release;
		};
		20F01E8D202EE9C700AE05D6 /* Build configuration list for PBXNativeTarget "punycode tests" */ = {
			isa = XCConfigurationList;
			buildConfigurations = (
				20F01E8E202EE9C700AE05D6 /* Debug */,
				20F01E8F202EE9C700AE05D6 /* Release */,
			);
			defaultConfigurationIsVisible = 0;
			defaultConfigurationName = Release;
		};
/* End XCConfigurationList section */
	};
	rootObject = 20F01E6B202EE56700AE05D6 /* Project object */;
}
